
Microsoft Visual Studio Solution File, Format Version 12.00
# Visual Studio 15
VisualStudioVersion = 15.0.27130.2026
MinimumVisualStudioVersion = 10.0.40219.1
Project("{FAE04EC0-301F-11D3-BF4B-00C04F79EFBC}") = "PChawk", "PChawk\PChawk.csproj", "{1FBD476F-366C-45E7-A618-408E594A62FD}"
EndProject
Global
	GlobalSection(SolutionConfigurationPlatforms) = preSolution
		Debug|Any CPU = Debug|Any CPU
		Release|Any CPU = Release|Any CPU
	EndGlobalSection
	GlobalSection(ProjectConfigurationPlatforms) = postSolution
		{1FBD476F-366C-45E7-A618-408E594A62FD}.Debug|Any CPU.ActiveCfg = Debug|Any CPU
		{1FBD476F-366C-45E7-A618-408E594A62FD}.Debug|Any CPU.Build.0 = Debug|Any CPU
		{1FBD476F-366C-45E7-A618-408E594A62FD}.Release|Any CPU.ActiveCfg = Release|Any CPU
		{1FBD476F-366C-45E7-A618-408E594A62FD}.Release|Any CPU.Build.0 = Release|Any CPU
	EndGlobalSection
	GlobalSection(SolutionProperties) = preSolution
		HideSolutionNode = FALSE
	EndGlobalSection
	GlobalSection(ExtensibilityGlobals) = postSolution
		SolutionGuid = {0FEC4820-D532-4A30-9650-8A32B4F7F326}
	EndGlobalSection
EndGlobal
