
Microsoft Visual Studio Solution File, Format Version 12.00
# Visual Studio 15
VisualStudioVersion = 15.0.27130.2036
MinimumVisualStudioVersion = 10.0.40219.1
Project("{FAE04EC0-301F-11D3-BF4B-00C04F79EFBC}") = "PrimaryQueries", "Backend\PrimaryQueries\PrimaryQueries\PrimaryQueries.csproj", "{9E601E87-4D31-452D-9CE0-E5AA7823B1C6}"
EndProject
Project("{FAE04EC0-301F-11D3-BF4B-00C04F79EFBC}") = "PCHawk", "PCHawk\PCHawk.csproj", "{D29B0349-8D9C-4EE4-907A-74A957498C95}"
	ProjectSection(ProjectDependencies) = postProject
		{9E601E87-4D31-452D-9CE0-E5AA7823B1C6} = {9E601E87-4D31-452D-9CE0-E5AA7823B1C6}
	EndProjectSection
EndProject
Global
	GlobalSection(SolutionConfigurationPlatforms) = preSolution
		Debug|Any CPU = Debug|Any CPU
		Release|Any CPU = Release|Any CPU
	EndGlobalSection
	GlobalSection(ProjectConfigurationPlatforms) = postSolution
		{9E601E87-4D31-452D-9CE0-E5AA7823B1C6}.Debug|Any CPU.ActiveCfg = Debug|Any CPU
		{9E601E87-4D31-452D-9CE0-E5AA7823B1C6}.Debug|Any CPU.Build.0 = Debug|Any CPU
		{9E601E87-4D31-452D-9CE0-E5AA7823B1C6}.Release|Any CPU.ActiveCfg = Release|Any CPU
		{9E601E87-4D31-452D-9CE0-E5AA7823B1C6}.Release|Any CPU.Build.0 = Release|Any CPU
		{D29B0349-8D9C-4EE4-907A-74A957498C95}.Debug|Any CPU.ActiveCfg = Debug|Any CPU
		{D29B0349-8D9C-4EE4-907A-74A957498C95}.Debug|Any CPU.Build.0 = Debug|Any CPU
		{D29B0349-8D9C-4EE4-907A-74A957498C95}.Release|Any CPU.ActiveCfg = Release|Any CPU
		{D29B0349-8D9C-4EE4-907A-74A957498C95}.Release|Any CPU.Build.0 = Release|Any CPU
	EndGlobalSection
	GlobalSection(SolutionProperties) = preSolution
		HideSolutionNode = FALSE
	EndGlobalSection
	GlobalSection(ExtensibilityGlobals) = postSolution
		SolutionGuid = {97EDA293-96C1-4C02-A6E8-B9ABF5E982AE}
	EndGlobalSection
	GlobalSection(Performance) = preSolution
		HasPerformanceSessions = true
	EndGlobalSection
EndGlobal
